// !$*UTF8*$!
{
	archiveVersion = 1;
	classes = {
	};
	objectVersion = 46;
	objects = {

/* Begin PBXBuildFile section */
		718B19951E4BFF2B00244259 /* AppDelegate.swift in Sources */ = {isa = PBXBuildFile; fileRef = 718B19941E4BFF2B00244259 /* AppDelegate.swift */; };
		718B19971E4BFF2B00244259 /* ViewController.swift in Sources */ = {isa = PBXBuildFile; fileRef = 718B19961E4BFF2B00244259 /* ViewController.swift */; };
		718B199A1E4BFF2B00244259 /* Main.storyboard in Resources */ = {isa = PBXBuildFile; fileRef = 718B19981E4BFF2B00244259 /* Main.storyboard */; };
		718B199C1E4BFF2B00244259 /* Assets.xcassets in Resources */ = {isa = PBXBuildFile; fileRef = 718B199B1E4BFF2B00244259 /* Assets.xcassets */; };
		718B199F1E4BFF2B00244259 /* LaunchScreen.storyboard in Resources */ = {isa = PBXBuildFile; fileRef = 718B199D1E4BFF2B00244259 /* LaunchScreen.storyboard */; };
/* End PBXBuildFile section */

/* Begin PBXFileReference section */
		718B19911E4BFF2B00244259 /* Practice Board.app */ = {isa = PBXFileReference; explicitFileType = wrapper.application; includeInIndex = 0; path = "Practice Board.app"; sourceTree = BUILT_PRODUCTS_DIR; };
		718B19941E4BFF2B00244259 /* AppDelegate.swift */ = {isa = PBXFileReference; lastKnownFileType = sourcecode.swift; path = AppDelegate.swift; sourceTree = "<group>"; };
		718B19961E4BFF2B00244259 /* ViewController.swift */ = {isa = PBXFileReference; lastKnownFileType = sourcecode.swift; path = ViewController.swift; sourceTree = "<group>"; };
		718B19991E4BFF2B00244259 /* Base */ = {isa = PBXFileReference; lastKnownFileType = file.storyboard; name = Base; path = Base.lproj/Main.storyboard; sourceTree = "<group>"; };
		718B199B1E4BFF2B00244259 /* Assets.xcassets */ = {isa = PBXFileReference; lastKnownFileType = folder.assetcatalog; path = Assets.xcassets; sourceTree = "<group>"; };
		718B199E1E4BFF2B00244259 /* Base */ = {isa = PBXFileReference; lastKnownFileType = file.storyboard; name = Base; path = Base.lproj/LaunchScreen.storyboard; sourceTree = "<group>"; };
		718B19A01E4BFF2B00244259 /* Info.plist */ = {isa = PBXFileReference; lastKnownFileType = text.plist.xml; path = Info.plist; sourceTree = "<group>"; };
/* End PBXFileReference section */

/* Begin PBXFrameworksBuildPhase section */
		718B198E1E4BFF2B00244259 /* Frameworks */ = {
			isa = PBXFrameworksBuildPhase;
			buildActionMask = 2147483647;
			files = (
			);
			runOnlyForDeploymentPostprocessing = 0;
		};
/* End PBXFrameworksBuildPhase section */

/* Begin PBXGroup section */
		718B19881E4BFF2B00244259 = {
			isa = PBXGroup;
			children = (
				718B19931E4BFF2B00244259 /* Practice Board */,
				718B19921E4BFF2B00244259 /* Products */,
			);
			sourceTree = "<group>";
		};
		718B19921E4BFF2B00244259 /* Products */ = {
			isa = PBXGroup;
			children = (
				718B19911E4BFF2B00244259 /* Practice Board.app */,
			);
			name = Products;
			sourceTree = "<group>";
		};
		718B19931E4BFF2B00244259 /* Practice Board */ = {
			isa = PBXGroup;
			children = (
				718B19941E4BFF2B00244259 /* AppDelegate.swift */,
				718B19961E4BFF2B00244259 /* ViewController.swift */,
				718B19981E4BFF2B00244259 /* Main.storyboard */,
				718B199B1E4BFF2B00244259 /* Assets.xcassets */,
				718B199D1E4BFF2B00244259 /* LaunchScreen.storyboard */,
				718B19A01E4BFF2B00244259 /* Info.plist */,
			);
			path = "Practice Board";
			sourceTree = "<group>";
		};
/* End PBXGroup section */

/* Begin PBXNativeTarget section */
		718B19901E4BFF2B00244259 /* Practice Board */ = {
			isa = PBXNativeTarget;
			buildConfigurationList = 718B19A31E4BFF2B00244259 /* Build configuration list for PBXNativeTarget "Practice Board" */;
			buildPhases = (
				718B198D1E4BFF2B00244259 /* Sources */,
				718B198E1E4BFF2B00244259 /* Frameworks */,
				718B198F1E4BFF2B00244259 /* Resources */,
			);
			buildRules = (
			);
			dependencies = (
			);
			name = "Practice Board";
			productName = "Practice Board";
			productReference = 718B19911E4BFF2B00244259 /* Practice Board.app */;
			productType = "com.apple.product-type.application";
		};
/* End PBXNativeTarget section */

/* Begin PBXProject section */
		718B19891E4BFF2B00244259 /* Project object */ = {
			isa = PBXProject;
			attributes = {
				LastSwiftUpdateCheck = 0820;
				LastUpgradeCheck = 0820;
				ORGANIZATIONNAME = Dev;
				TargetAttributes = {
					718B19901E4BFF2B00244259 = {
						CreatedOnToolsVersion = 8.2.1;
						ProvisioningStyle = Automatic;
					};
				};
			};
			buildConfigurationList = 718B198C1E4BFF2B00244259 /* Build configuration list for PBXProject "Practice Board" */;
			compatibilityVersion = "Xcode 3.2";
			developmentRegion = English;
			hasScannedForEncodings = 0;
			knownRegions = (
				en,
				Base,
			);
			mainGroup = 718B19881E4BFF2B00244259;
			productRefGroup = 718B19921E4BFF2B00244259 /* Products */;
			projectDirPath = "";
			projectRoot = "";
			targets = (
				718B19901E4BFF2B00244259 /* Practice Board */,
			);
		};
/* End PBXProject section */

/* Begin PBXResourcesBuildPhase section */
		718B198F1E4BFF2B00244259 /* Resources */ = {
			isa = PBXResourcesBuildPhase;
			buildActionMask = 2147483647;
			files = (
				718B199F1E4BFF2B00244259 /* LaunchScreen.storyboard in Resources */,
				718B199C1E4BFF2B00244259 /* Assets.xcassets in Resources */,
				718B199A1E4BFF2B00244259 /* Main.storyboard in Resources */,
			);
			runOnlyForDeploymentPostprocessing = 0;
		};
/* End PBXResourcesBuildPhase section */

/* Begin PBXSourcesBuildPhase section */
		718B198D1E4BFF2B00244259 /* Sources */ = {
			isa = PBXSourcesBuildPhase;
			buildActionMask = 2147483647;
			files = (
				718B19971E4BFF2B00244259 /* ViewController.swift in Sources */,
				718B19951E4BFF2B00244259 /* AppDelegate.swift in Sources */,
			);
			runOnlyForDeploymentPostprocessing = 0;
		};
/* End PBXSourcesBuildPhase section */

/* Begin PBXVariantGroup section */
		718B19981E4BFF2B00244259 /* Main.storyboard */ = {
			isa = PBXVariantGroup;
			children = (
				718B19991E4BFF2B00244259 /* Base */,
			);
			name = Main.storyboard;
			sourceTree = "<group>";
		};
		718B199D1E4BFF2B00244259 /* LaunchScreen.storyboard */ = {
			isa = PBXVariantGroup;
			children = (
				718B199E1E4BFF2B00244259 /* Base */,
			);
			name = LaunchScreen.storyboard;
			sourceTree = "<group>";
		};
/* End PBXVariantGroup section */

/* Begin XCBuildConfiguration section */
		718B19A11E4BFF2B00244259 /* Debug */ = {
			isa = XCBuildConfiguration;
			buildSettings = {
				ALWAYS_SEARCH_USER_PATHS = NO;
				CLANG_ANALYZER_NONNULL = YES;
				CLANG_CXX_LANGUAGE_STANDARD = "gnu++0x";
				CLANG_CXX_LIBRARY = "libc++";
				CLANG_ENABLE_MODULES = YES;
				CLANG_ENABLE_OBJC_ARC = YES;
				CLANG_WARN_BOOL_CONVERSION = YES;
				CLANG_WARN_CONSTANT_CONVERSION = YES;
				CLANG_WARN_DIRECT_OBJC_ISA_USAGE = YES_ERROR;
				CLANG_WARN_DOCUMENTATION_COMMENTS = YES;
				CLANG_WARN_EMPTY_BODY = YES;
				CLANG_WARN_ENUM_CONVERSION = YES;
				CLANG_WARN_INFINITE_RECURSION = YES;
				CLANG_WARN_INT_CONVERSION = YES;
				CLANG_WARN_OBJC_ROOT_CLASS = YES_ERROR;
				CLANG_WARN_SUSPICIOUS_MOVE = YES;
				CLANG_WARN_UNREACHABLE_CODE = YES;
				CLANG_WARN__DUPLICATE_METHOD_MATCH = YES;
				"CODE_SIGN_IDENTITY[sdk=iphoneos*]" = "iPhone Developer";
				COPY_PHASE_STRIP = NO;
				DEBUG_INFORMATION_FORMAT = dwarf;
				ENABLE_STRICT_OBJC_MSGSEND = YES;
				ENABLE_TESTABILITY = YES;
				GCC_C_LANGUAGE_STANDARD = gnu99;
				GCC_DYNAMIC_NO_PIC = NO;
				GCC_NO_COMMON_BLOCKS = YES;
				GCC_OPTIMIZATION_LEVEL = 0;
				GCC_PREPROCESSOR_DEFINITIONS = (
					"DEBUG=1",
					"$(inherited)",
				);
				GCC_WARN_64_TO_32_BIT_CONVERSION = YES;
				GCC_WARN_ABOUT_RETURN_TYPE = YES_ERROR;
				GCC_WARN_UNDECLARED_SELECTOR = YES;
				GCC_WARN_UNINITIALIZED_AUTOS = YES_AGGRESSIVE;
				GCC_WARN_UNUSED_FUNCTION = YES;
				GCC_WARN_UNUSED_VARIABLE = YES;
				IPHONEOS_DEPLOYMENT_TARGET = 10.2;
				MTL_ENABLE_DEBUG_INFO = YES;
				ONLY_ACTIVE_ARCH = YES;
				SDKROOT = iphoneos;
				SWIFT_ACTIVE_COMPILATION_CONDITIONS = DEBUG;
				SWIFT_OPTIMIZATION_LEVEL = "-Onone";
				TARGETED_DEVICE_FAMILY = "1,2";
			};
			name = Debug;
		};
		718B19A21E4BFF2B00244259 /* Release */ = {
			isa = XCBuildConfiguration;
			buildSettings = {
				ALWAYS_SEARCH_USER_PATHS = NO;
				CLANG_ANALYZER_NONNULL = YES;
				CLANG_CXX_LANGUAGE_STANDARD = "gnu++0x";
				CLANG_CXX_LIBRARY = "libc++";
				CLANG_ENABLE_MODULES = YES;
				CLANG_ENABLE_OBJC_ARC = YES;
				CLANG_WARN_BOOL_CONVERSION = YES;
				CLANG_WARN_CONSTANT_CONVERSION = YES;
				CLANG_WARN_DIRECT_OBJC_ISA_USAGE = YES_ERROR;
				CLANG_WARN_DOCUMENTATION_COMMENTS = YES;
				CLANG_WARN_EMPTY_BODY = YES;
				CLANG_WARN_ENUM_CONVERSION = YES;
				CLANG_WARN_INFINITE_RECURSION = YES;
				CLANG_WARN_INT_CONVERSION = YES;
				CLANG_WARN_OBJC_ROOT_CLASS = YES_ERROR;
				CLANG_WARN_SUSPICIOUS_MOVE = YES;
				CLANG_WARN_UNREACHABLE_CODE = YES;
				CLANG_WARN__DUPLICATE_METHOD_MATCH = YES;
				"CODE_SIGN_IDENTITY[sdk=iphoneos*]" = "iPhone Developer";
				COPY_PHASE_STRIP = NO;
				DEBUG_INFORMATION_FORMAT = "dwarf-with-dsym";
				ENABLE_NS_ASSERTIONS = NO;
				ENABLE_STRICT_OBJC_MSGSEND = YES;
				GCC_C_LANGUAGE_STANDARD = gnu99;
				GCC_NO_COMMON_BLOCKS = YES;
				GCC_WARN_64_TO_32_BIT_CONVERSION = YES;
				GCC_WARN_ABOUT_RETURN_TYPE = YES_ERROR;
				GCC_WARN_UNDECLARED_SELECTOR = YES;
				GCC_WARN_UNINITIALIZED_AUTOS = YES_AGGRESSIVE;
				GCC_WARN_UNUSED_FUNCTION = YES;
				GCC_WARN_UNUSED_VARIABLE = YES;
				IPHONEOS_DEPLOYMENT_TARGET = 10.2;
				MTL_ENABLE_DEBUG_INFO = NO;
				SDKROOT = iphoneos;
				SWIFT_OPTIMIZATION_LEVEL = "-Owholemodule";
				TARGETED_DEVICE_FAMILY = "1,2";
				VALIDATE_PRODUCT = YES;
			};
			name = Release;
		};
		718B19A41E4BFF2B00244259 /* Debug */ = {
			isa = XCBuildConfiguration;
			buildSettings = {
				ASSETCATALOG_COMPILER_APPICON_NAME = AppIcon;
				INFOPLIST_FILE = "Practice Board/Info.plist";
				LD_RUNPATH_SEARCH_PATHS = "$(inherited) @executable_path/Frameworks";
				PRODUCT_BUNDLE_IDENTIFIER = "practice.Practice-Board";
				PRODUCT_NAME = "$(TARGET_NAME)";
				SWIFT_VERSION = 3.0;
			};
			name = Debug;
		};
		718B19A51E4BFF2B00244259 /* Release */ = {
			isa = XCBuildConfiguration;
			buildSettings = {
				ASSETCATALOG_COMPILER_APPICON_NAME = AppIcon;
				INFOPLIST_FILE = "Practice Board/Info.plist";
				LD_RUNPATH_SEARCH_PATHS = "$(inherited) @executable_path/Frameworks";
				PRODUCT_BUNDLE_IDENTIFIER = "practice.Practice-Board";
				PRODUCT_NAME = "$(TARGET_NAME)";
				SWIFT_VERSION = 3.0;
			};
			name = Release;
		};
/* End XCBuildConfiguration section */

/* Begin XCConfigurationList section */
		718B198C1E4BFF2B00244259 /* Build configuration list for PBXProject "Practice Board" */ = {
			isa = XCConfigurationList;
			buildConfigurations = (
				718B19A11E4BFF2B00244259 /* Debug */,
				718B19A21E4BFF2B00244259 /* Release */,
			);
			defaultConfigurationIsVisible = 0;
			defaultConfigurationName = Release;
		};
		718B19A31E4BFF2B00244259 /* Build configuration list for PBXNativeTarget "Practice Board" */ = {
			isa = XCConfigurationList;
			buildConfigurations = (
				718B19A41E4BFF2B00244259 /* Debug */,
				718B19A51E4BFF2B00244259 /* Release */,
			);
			defaultConfigurationIsVisible = 0;
		};
/* End XCConfigurationList section */
	};
	rootObject = 718B19891E4BFF2B00244259 /* Project object */;
}
